// !$*UTF8*$!
{
	archiveVersion = 1;
	classes = {
	};
	objectVersion = 56;
	objects = {

/* Begin PBXBuildFile section */
		6034F9672A61701100CF6052 /* Post.swift in Sources */ = {isa = PBXBuildFile; fileRef = 6034F9662A61701100CF6052 /* Post.swift */; };
		6034F9692A61772900CF6052 /* PostsGridView.swift in Sources */ = {isa = PBXBuildFile; fileRef = 6034F9682A61772900CF6052 /* PostsGridView.swift */; };
		6034F96B2A617B3500CF6052 /* ProfileHeadrView.swift in Sources */ = {isa = PBXBuildFile; fileRef = 6034F96A2A617B3500CF6052 /* ProfileHeadrView.swift */; };
		6034F96D2A617D1500CF6052 /* UploadPostView.swift in Sources */ = {isa = PBXBuildFile; fileRef = 6034F96C2A617D1500CF6052 /* UploadPostView.swift */; };
		6034F96F2A61800A00CF6052 /* UploadPostViewModal.swift in Sources */ = {isa = PBXBuildFile; fileRef = 6034F96E2A61800A00CF6052 /* UploadPostViewModal.swift */; };
		6034F9712A6192B600CF6052 /* GoogleService-Info.plist in Resources */ = {isa = PBXBuildFile; fileRef = 6034F9702A6192B600CF6052 /* GoogleService-Info.plist */; };
		6034F9742A6194A100CF6052 /* FirebaseAuth in Frameworks */ = {isa = PBXBuildFile; productRef = 6034F9732A6194A100CF6052 /* FirebaseAuth */; };
		6034F9762A6194A100CF6052 /* FirebaseFirestore in Frameworks */ = {isa = PBXBuildFile; productRef = 6034F9752A6194A100CF6052 /* FirebaseFirestore */; };
		6034F9782A6194A100CF6052 /* FirebaseFirestoreSwift in Frameworks */ = {isa = PBXBuildFile; productRef = 6034F9772A6194A100CF6052 /* FirebaseFirestoreSwift */; };
		6034F97A2A6194A100CF6052 /* FirebaseStorage in Frameworks */ = {isa = PBXBuildFile; productRef = 6034F9792A6194A100CF6052 /* FirebaseStorage */; };
		6034F97E2A61969200CF6052 /* AuthService.swift in Sources */ = {isa = PBXBuildFile; fileRef = 6034F97D2A61969200CF6052 /* AuthService.swift */; };
		6034F9802A61982600CF6052 /* ContentViewModel.swift in Sources */ = {isa = PBXBuildFile; fileRef = 6034F97F2A61982600CF6052 /* ContentViewModel.swift */; };
		6034F9832A619A9C00CF6052 /* RegistrationViewModel.swift in Sources */ = {isa = PBXBuildFile; fileRef = 6034F9822A619A9C00CF6052 /* RegistrationViewModel.swift */; };
		6034F9852A61C3B100CF6052 /* LoginViewModel.swift in Sources */ = {isa = PBXBuildFile; fileRef = 6034F9842A61C3B000CF6052 /* LoginViewModel.swift */; };
		6034F9872A61D74D00CF6052 /* UsersService.swift in Sources */ = {isa = PBXBuildFile; fileRef = 6034F9862A61D74D00CF6052 /* UsersService.swift */; };
		6034F9892A61D84800CF6052 /* SearchViewModel.swift in Sources */ = {isa = PBXBuildFile; fileRef = 6034F9882A61D84800CF6052 /* SearchViewModel.swift */; };
		60D2DFE32A616BFB00F639FC /* CurrentUserProfileView.swift in Sources */ = {isa = PBXBuildFile; fileRef = 60D2DFE22A616BFB00F639FC /* CurrentUserProfileView.swift */; };
		60DEF1622A5C105000687D7C /* InstagramCloneApp.swift in Sources */ = {isa = PBXBuildFile; fileRef = 60DEF1612A5C105000687D7C /* InstagramCloneApp.swift */; };
		60DEF1642A5C105000687D7C /* ContentView.swift in Sources */ = {isa = PBXBuildFile; fileRef = 60DEF1632A5C105000687D7C /* ContentView.swift */; };
		60DEF1662A5C105100687D7C /* Assets.xcassets in Resources */ = {isa = PBXBuildFile; fileRef = 60DEF1652A5C105100687D7C /* Assets.xcassets */; };
		60DEF1692A5C105100687D7C /* Preview Assets.xcassets in Resources */ = {isa = PBXBuildFile; fileRef = 60DEF1682A5C105100687D7C /* Preview Assets.xcassets */; };
		60DEF17D2A5C122200687D7C /* MainTabView.swift in Sources */ = {isa = PBXBuildFile; fileRef = 60DEF17C2A5C122200687D7C /* MainTabView.swift */; };
		60DEF17F2A5C130100687D7C /* ProfileView.swift in Sources */ = {isa = PBXBuildFile; fileRef = 60DEF17E2A5C130100687D7C /* ProfileView.swift */; };
		60DEF1812A5C1C2400687D7C /* UsersStatsView.swift in Sources */ = {isa = PBXBuildFile; fileRef = 60DEF1802A5C1C2400687D7C /* UsersStatsView.swift */; };
		60DEF1842A5C219A00687D7C /* FeedView.swift in Sources */ = {isa = PBXBuildFile; fileRef = 60DEF1832A5C219A00687D7C /* FeedView.swift */; };
		60DEF1862A5C21B900687D7C /* FeedCell.swift in Sources */ = {isa = PBXBuildFile; fileRef = 60DEF1852A5C21B900687D7C /* FeedCell.swift */; };
		60DEF1882A5C2D6700687D7C /* SearchView.swift in Sources */ = {isa = PBXBuildFile; fileRef = 60DEF1872A5C2D6700687D7C /* SearchView.swift */; };
		60DEF18A2A5C3E0100687D7C /* LoginView.swift in Sources */ = {isa = PBXBuildFile; fileRef = 60DEF1892A5C3E0100687D7C /* LoginView.swift */; };
		60DEF18C2A5C5B0500687D7C /* AddEmailView.swift in Sources */ = {isa = PBXBuildFile; fileRef = 60DEF18B2A5C5B0500687D7C /* AddEmailView.swift */; };
		60DEF18E2A5D922C00687D7C /* TextFieldModifier.swift in Sources */ = {isa = PBXBuildFile; fileRef = 60DEF18D2A5D922C00687D7C /* TextFieldModifier.swift */; };
		60DEF1902A5D924D00687D7C /* ButtonModifier.swift in Sources */ = {isa = PBXBuildFile; fileRef = 60DEF18F2A5D924D00687D7C /* ButtonModifier.swift */; };
		60DEF1922A5D935E00687D7C /* CreateUserNameView.swift in Sources */ = {isa = PBXBuildFile; fileRef = 60DEF1912A5D935E00687D7C /* CreateUserNameView.swift */; };
		60DEF1942A5D947B00687D7C /* CreatePasswordView.swift in Sources */ = {isa = PBXBuildFile; fileRef = 60DEF1932A5D947B00687D7C /* CreatePasswordView.swift */; };
		60DEF1962A5D94C200687D7C /* CreateUserField.swift in Sources */ = {isa = PBXBuildFile; fileRef = 60DEF1952A5D94C200687D7C /* CreateUserField.swift */; };
		60DEF1982A5DA61100687D7C /* CompleteSignUpView.swift in Sources */ = {isa = PBXBuildFile; fileRef = 60DEF1972A5DA61100687D7C /* CompleteSignUpView.swift */; };
		60DEF19A2A5DA7E200687D7C /* User.swift in Sources */ = {isa = PBXBuildFile; fileRef = 60DEF1992A5DA7E200687D7C /* User.swift */; };
/* End PBXBuildFile section */

/* Begin PBXFileReference section */
		6034F9662A61701100CF6052 /* Post.swift */ = {isa = PBXFileReference; lastKnownFileType = sourcecode.swift; path = Post.swift; sourceTree = "<group>"; };
		6034F9682A61772900CF6052 /* PostsGridView.swift */ = {isa = PBXFileReference; lastKnownFileType = sourcecode.swift; path = PostsGridView.swift; sourceTree = "<group>"; };
		6034F96A2A617B3500CF6052 /* ProfileHeadrView.swift */ = {isa = PBXFileReference; lastKnownFileType = sourcecode.swift; path = ProfileHeadrView.swift; sourceTree = "<group>"; };
		6034F96C2A617D1500CF6052 /* UploadPostView.swift */ = {isa = PBXFileReference; lastKnownFileType = sourcecode.swift; path = UploadPostView.swift; sourceTree = "<group>"; };
		6034F96E2A61800A00CF6052 /* UploadPostViewModal.swift */ = {isa = PBXFileReference; lastKnownFileType = sourcecode.swift; path = UploadPostViewModal.swift; sourceTree = "<group>"; };
		6034F9702A6192B600CF6052 /* GoogleService-Info.plist */ = {isa = PBXFileReference; fileEncoding = 4; lastKnownFileType = text.plist.xml; name = "GoogleService-Info.plist"; path = "../../../../../../../Users/bilalsimsek/Downloads/GoogleService-Info.plist"; sourceTree = "<group>"; };
		6034F97D2A61969200CF6052 /* AuthService.swift */ = {isa = PBXFileReference; lastKnownFileType = sourcecode.swift; path = AuthService.swift; sourceTree = "<group>"; };
		6034F97F2A61982600CF6052 /* ContentViewModel.swift */ = {isa = PBXFileReference; lastKnownFileType = sourcecode.swift; path = ContentViewModel.swift; sourceTree = "<group>"; };
		6034F9822A619A9C00CF6052 /* RegistrationViewModel.swift */ = {isa = PBXFileReference; lastKnownFileType = sourcecode.swift; path = RegistrationViewModel.swift; sourceTree = "<group>"; };
		6034F9842A61C3B000CF6052 /* LoginViewModel.swift */ = {isa = PBXFileReference; lastKnownFileType = sourcecode.swift; path = LoginViewModel.swift; sourceTree = "<group>"; };
		6034F9862A61D74D00CF6052 /* UsersService.swift */ = {isa = PBXFileReference; lastKnownFileType = sourcecode.swift; path = UsersService.swift; sourceTree = "<group>"; };
		6034F9882A61D84800CF6052 /* SearchViewModel.swift */ = {isa = PBXFileReference; lastKnownFileType = sourcecode.swift; path = SearchViewModel.swift; sourceTree = "<group>"; };
		60D2DFE22A616BFB00F639FC /* CurrentUserProfileView.swift */ = {isa = PBXFileReference; lastKnownFileType = sourcecode.swift; path = CurrentUserProfileView.swift; sourceTree = "<group>"; };
		60DEF15E2A5C105000687D7C /* InstagramClone.app */ = {isa = PBXFileReference; explicitFileType = wrapper.application; includeInIndex = 0; path = InstagramClone.app; sourceTree = BUILT_PRODUCTS_DIR; };
		60DEF1612A5C105000687D7C /* InstagramCloneApp.swift */ = {isa = PBXFileReference; lastKnownFileType = sourcecode.swift; path = InstagramCloneApp.swift; sourceTree = "<group>"; };
		60DEF1632A5C105000687D7C /* ContentView.swift */ = {isa = PBXFileReference; lastKnownFileType = sourcecode.swift; path = ContentView.swift; sourceTree = "<group>"; };
		60DEF1652A5C105100687D7C /* Assets.xcassets */ = {isa = PBXFileReference; lastKnownFileType = folder.assetcatalog; path = Assets.xcassets; sourceTree = "<group>"; };
		60DEF1682A5C105100687D7C /* Preview Assets.xcassets */ = {isa = PBXFileReference; lastKnownFileType = folder.assetcatalog; path = "Preview Assets.xcassets"; sourceTree = "<group>"; };
		60DEF17C2A5C122200687D7C /* MainTabView.swift */ = {isa = PBXFileReference; lastKnownFileType = sourcecode.swift; path = MainTabView.swift; sourceTree = "<group>"; };
		60DEF17E2A5C130100687D7C /* ProfileView.swift */ = {isa = PBXFileReference; lastKnownFileType = sourcecode.swift; path = ProfileView.swift; sourceTree = "<group>"; };
		60DEF1802A5C1C2400687D7C /* UsersStatsView.swift */ = {isa = PBXFileReference; lastKnownFileType = sourcecode.swift; path = UsersStatsView.swift; sourceTree = "<group>"; };
		60DEF1832A5C219A00687D7C /* FeedView.swift */ = {isa = PBXFileReference; lastKnownFileType = sourcecode.swift; path = FeedView.swift; sourceTree = "<group>"; };
		60DEF1852A5C21B900687D7C /* FeedCell.swift */ = {isa = PBXFileReference; lastKnownFileType = sourcecode.swift; path = FeedCell.swift; sourceTree = "<group>"; };
		60DEF1872A5C2D6700687D7C /* SearchView.swift */ = {isa = PBXFileReference; lastKnownFileType = sourcecode.swift; path = SearchView.swift; sourceTree = "<group>"; };
		60DEF1892A5C3E0100687D7C /* LoginView.swift */ = {isa = PBXFileReference; lastKnownFileType = sourcecode.swift; path = LoginView.swift; sourceTree = "<group>"; };
		60DEF18B2A5C5B0500687D7C /* AddEmailView.swift */ = {isa = PBXFileReference; lastKnownFileType = sourcecode.swift; path = AddEmailView.swift; sourceTree = "<group>"; };
		60DEF18D2A5D922C00687D7C /* TextFieldModifier.swift */ = {isa = PBXFileReference; lastKnownFileType = sourcecode.swift; path = TextFieldModifier.swift; sourceTree = "<group>"; };
		60DEF18F2A5D924D00687D7C /* ButtonModifier.swift */ = {isa = PBXFileReference; lastKnownFileType = sourcecode.swift; path = ButtonModifier.swift; sourceTree = "<group>"; };
		60DEF1912A5D935E00687D7C /* CreateUserNameView.swift */ = {isa = PBXFileReference; lastKnownFileType = sourcecode.swift; path = CreateUserNameView.swift; sourceTree = "<group>"; };
		60DEF1932A5D947B00687D7C /* CreatePasswordView.swift */ = {isa = PBXFileReference; lastKnownFileType = sourcecode.swift; path = CreatePasswordView.swift; sourceTree = "<group>"; };
		60DEF1952A5D94C200687D7C /* CreateUserField.swift */ = {isa = PBXFileReference; lastKnownFileType = sourcecode.swift; path = CreateUserField.swift; sourceTree = "<group>"; };
		60DEF1972A5DA61100687D7C /* CompleteSignUpView.swift */ = {isa = PBXFileReference; lastKnownFileType = sourcecode.swift; path = CompleteSignUpView.swift; sourceTree = "<group>"; };
		60DEF1992A5DA7E200687D7C /* User.swift */ = {isa = PBXFileReference; lastKnownFileType = sourcecode.swift; path = User.swift; sourceTree = "<group>"; };
/* End PBXFileReference section */

/* Begin PBXFrameworksBuildPhase section */
		60DEF15B2A5C105000687D7C /* Frameworks */ = {
			isa = PBXFrameworksBuildPhase;
			buildActionMask = 2147483647;
			files = (
				6034F9742A6194A100CF6052 /* FirebaseAuth in Frameworks */,
				6034F97A2A6194A100CF6052 /* FirebaseStorage in Frameworks */,
				6034F9762A6194A100CF6052 /* FirebaseFirestore in Frameworks */,
				6034F9782A6194A100CF6052 /* FirebaseFirestoreSwift in Frameworks */,
			);
			runOnlyForDeploymentPostprocessing = 0;
		};
/* End PBXFrameworksBuildPhase section */

/* Begin PBXGroup section */
		6034F97B2A6195D800CF6052 /* Views */ = {
			isa = PBXGroup;
			children = (
				60DEF1892A5C3E0100687D7C /* LoginView.swift */,
				60DEF18B2A5C5B0500687D7C /* AddEmailView.swift */,
				60DEF1912A5D935E00687D7C /* CreateUserNameView.swift */,
				60DEF1932A5D947B00687D7C /* CreatePasswordView.swift */,
				60DEF1972A5DA61100687D7C /* CompleteSignUpView.swift */,
			);
			path = Views;
			sourceTree = "<group>";
		};
		6034F97C2A61967700CF6052 /* Service */ = {
			isa = PBXGroup;
			children = (
				6034F97D2A61969200CF6052 /* AuthService.swift */,
			);
			path = Service;
			sourceTree = "<group>";
		};
		6034F9812A619A8900CF6052 /* ViewModel */ = {
			isa = PBXGroup;
			children = (
				6034F9822A619A9C00CF6052 /* RegistrationViewModel.swift */,
				6034F9842A61C3B000CF6052 /* LoginViewModel.swift */,
			);
			path = ViewModel;
			sourceTree = "<group>";
		};
		60DEF1552A5C105000687D7C = {
			isa = PBXGroup;
			children = (
				60DEF1602A5C105000687D7C /* InstagramClone */,
				60DEF15F2A5C105000687D7C /* Products */,
			);
			sourceTree = "<group>";
		};
		60DEF15F2A5C105000687D7C /* Products */ = {
			isa = PBXGroup;
			children = (
				60DEF15E2A5C105000687D7C /* InstagramClone.app */,
			);
			name = Products;
			sourceTree = "<group>";
		};
		60DEF1602A5C105000687D7C /* InstagramClone */ = {
			isa = PBXGroup;
			children = (
				6034F9702A6192B600CF6052 /* GoogleService-Info.plist */,
				60DEF1752A5C108100687D7C /* App */,
				60DEF1732A5C107A00687D7C /* Core */,
				60DEF1722A5C107100687D7C /* Extentions */,
				60DEF1712A5C106D00687D7C /* Model */,
				60DEF1702A5C106900687D7C /* Services */,
				60DEF16F2A5C106400687D7C /* New Group */,
				60DEF1652A5C105100687D7C /* Assets.xcassets */,
				60DEF1672A5C105100687D7C /* Preview Content */,
			);
			path = InstagramClone;
			sourceTree = "<group>";
		};
		60DEF1672A5C105100687D7C /* Preview Content */ = {
			isa = PBXGroup;
			children = (
				60DEF1682A5C105100687D7C /* Preview Assets.xcassets */,
			);
			path = "Preview Content";
			sourceTree = "<group>";
		};
		60DEF16F2A5C106400687D7C /* New Group */ = {
			isa = PBXGroup;
			children = (
			);
			path = "New Group";
			sourceTree = "<group>";
		};
		60DEF1702A5C106900687D7C /* Services */ = {
			isa = PBXGroup;
			children = (
				6034F9862A61D74D00CF6052 /* UsersService.swift */,
			);
			path = Services;
			sourceTree = "<group>";
		};
		60DEF1712A5C106D00687D7C /* Model */ = {
			isa = PBXGroup;
			children = (
				60DEF1992A5DA7E200687D7C /* User.swift */,
				6034F9662A61701100CF6052 /* Post.swift */,
			);
			path = Model;
			sourceTree = "<group>";
		};
		60DEF1722A5C107100687D7C /* Extentions */ = {
			isa = PBXGroup;
			children = (
			);
			path = Extentions;
			sourceTree = "<group>";
		};
		60DEF1732A5C107A00687D7C /* Core */ = {
			isa = PBXGroup;
			children = (
				60DEF1742A5C107B00687D7C /* Authentication */,
				60DEF1822A5C1C3B00687D7C /* Components */,
				60DEF1762A5C111100687D7C /* Feed */,
				60DEF1772A5C111700687D7C /* Profile */,
				60DEF1782A5C111C00687D7C /* Root */,
				60DEF1792A5C113400687D7C /* Search */,
				60DEF17A2A5C11B500687D7C /* TabBar */,
				60DEF17B2A5C11DE00687D7C /* UploadPosts */,
			);
			path = Core;
			sourceTree = "<group>";
		};
		60DEF1742A5C107B00687D7C /* Authentication */ = {
			isa = PBXGroup;
			children = (
				6034F97C2A61967700CF6052 /* Service */,
				6034F9812A619A8900CF6052 /* ViewModel */,
				6034F97B2A6195D800CF6052 /* Views */,
			);
			path = Authentication;
			sourceTree = "<group>";
		};
		60DEF1752A5C108100687D7C /* App */ = {
			isa = PBXGroup;
			children = (
				60DEF1612A5C105000687D7C /* InstagramCloneApp.swift */,
			);
			path = App;
			sourceTree = "<group>";
		};
		60DEF1762A5C111100687D7C /* Feed */ = {
			isa = PBXGroup;
			children = (
				60DEF1832A5C219A00687D7C /* FeedView.swift */,
				60DEF1852A5C21B900687D7C /* FeedCell.swift */,
			);
			path = Feed;
			sourceTree = "<group>";
		};
		60DEF1772A5C111700687D7C /* Profile */ = {
			isa = PBXGroup;
			children = (
				60DEF17E2A5C130100687D7C /* ProfileView.swift */,
				60D2DFE22A616BFB00F639FC /* CurrentUserProfileView.swift */,
				6034F96A2A617B3500CF6052 /* ProfileHeadrView.swift */,
			);
			path = Profile;
			sourceTree = "<group>";
		};
		60DEF1782A5C111C00687D7C /* Root */ = {
			isa = PBXGroup;
			children = (
				60DEF1632A5C105000687D7C /* ContentView.swift */,
				6034F97F2A61982600CF6052 /* ContentViewModel.swift */,
			);
			path = Root;
			sourceTree = "<group>";
		};
		60DEF1792A5C113400687D7C /* Search */ = {
			isa = PBXGroup;
			children = (
				60DEF1872A5C2D6700687D7C /* SearchView.swift */,
				6034F9882A61D84800CF6052 /* SearchViewModel.swift */,
			);
			path = Search;
			sourceTree = "<group>";
		};
		60DEF17A2A5C11B500687D7C /* TabBar */ = {
			isa = PBXGroup;
			children = (
				60DEF17C2A5C122200687D7C /* MainTabView.swift */,
			);
			path = TabBar;
			sourceTree = "<group>";
		};
		60DEF17B2A5C11DE00687D7C /* UploadPosts */ = {
			isa = PBXGroup;
			children = (
				6034F96C2A617D1500CF6052 /* UploadPostView.swift */,
				6034F96E2A61800A00CF6052 /* UploadPostViewModal.swift */,
			);
			path = UploadPosts;
			sourceTree = "<group>";
		};
		60DEF1822A5C1C3B00687D7C /* Components */ = {
			isa = PBXGroup;
			children = (
				60DEF1802A5C1C2400687D7C /* UsersStatsView.swift */,
				60DEF18D2A5D922C00687D7C /* TextFieldModifier.swift */,
				60DEF18F2A5D924D00687D7C /* ButtonModifier.swift */,
				60DEF1952A5D94C200687D7C /* CreateUserField.swift */,
				6034F9682A61772900CF6052 /* PostsGridView.swift */,
			);
			path = Components;
			sourceTree = "<group>";
		};
/* End PBXGroup section */

/* Begin PBXNativeTarget section */
		60DEF15D2A5C105000687D7C /* InstagramClone */ = {
			isa = PBXNativeTarget;
			buildConfigurationList = 60DEF16C2A5C105100687D7C /* Build configuration list for PBXNativeTarget "InstagramClone" */;
			buildPhases = (
				60DEF15A2A5C105000687D7C /* Sources */,
				60DEF15B2A5C105000687D7C /* Frameworks */,
				60DEF15C2A5C105000687D7C /* Resources */,
			);
			buildRules = (
			);
			dependencies = (
			);
			name = InstagramClone;
			packageProductDependencies = (
				6034F9732A6194A100CF6052 /* FirebaseAuth */,
				6034F9752A6194A100CF6052 /* FirebaseFirestore */,
				6034F9772A6194A100CF6052 /* FirebaseFirestoreSwift */,
				6034F9792A6194A100CF6052 /* FirebaseStorage */,
			);
			productName = InstagramClone;
			productReference = 60DEF15E2A5C105000687D7C /* InstagramClone.app */;
			productType = "com.apple.product-type.application";
		};
/* End PBXNativeTarget section */

/* Begin PBXProject section */
		60DEF1562A5C105000687D7C /* Project object */ = {
			isa = PBXProject;
			attributes = {
				BuildIndependentTargetsInParallel = 1;
				LastSwiftUpdateCheck = 1430;
				LastUpgradeCheck = 1430;
				TargetAttributes = {
					60DEF15D2A5C105000687D7C = {
						CreatedOnToolsVersion = 14.3.1;
					};
				};
			};
			buildConfigurationList = 60DEF1592A5C105000687D7C /* Build configuration list for PBXProject "InstagramClone" */;
			compatibilityVersion = "Xcode 14.0";
			developmentRegion = en;
			hasScannedForEncodings = 0;
			knownRegions = (
				en,
				Base,
			);
			mainGroup = 60DEF1552A5C105000687D7C;
			packageReferences = (
				6034F9722A6194A100CF6052 /* XCRemoteSwiftPackageReference "firebase-ios-sdk" */,
			);
			productRefGroup = 60DEF15F2A5C105000687D7C /* Products */;
			projectDirPath = "";
			projectRoot = "";
			targets = (
				60DEF15D2A5C105000687D7C /* InstagramClone */,
			);
		};
/* End PBXProject section */

/* Begin PBXResourcesBuildPhase section */
		60DEF15C2A5C105000687D7C /* Resources */ = {
			isa = PBXResourcesBuildPhase;
			buildActionMask = 2147483647;
			files = (
				60DEF1692A5C105100687D7C /* Preview Assets.xcassets in Resources */,
				60DEF1662A5C105100687D7C /* Assets.xcassets in Resources */,
				6034F9712A6192B600CF6052 /* GoogleService-Info.plist in Resources */,
			);
			runOnlyForDeploymentPostprocessing = 0;
		};
/* End PBXResourcesBuildPhase section */

/* Begin PBXSourcesBuildPhase section */
		60DEF15A2A5C105000687D7C /* Sources */ = {
			isa = PBXSourcesBuildPhase;
			buildActionMask = 2147483647;
			files = (
				60DEF1862A5C21B900687D7C /* FeedCell.swift in Sources */,
				60DEF1942A5D947B00687D7C /* CreatePasswordView.swift in Sources */,
				60DEF1922A5D935E00687D7C /* CreateUserNameView.swift in Sources */,
				6034F96D2A617D1500CF6052 /* UploadPostView.swift in Sources */,
				60DEF1902A5D924D00687D7C /* ButtonModifier.swift in Sources */,
				60DEF1812A5C1C2400687D7C /* UsersStatsView.swift in Sources */,
				6034F9802A61982600CF6052 /* ContentViewModel.swift in Sources */,
				60DEF17F2A5C130100687D7C /* ProfileView.swift in Sources */,
				6034F9852A61C3B100CF6052 /* LoginViewModel.swift in Sources */,
				60DEF18A2A5C3E0100687D7C /* LoginView.swift in Sources */,
				6034F9832A619A9C00CF6052 /* RegistrationViewModel.swift in Sources */,
				6034F96B2A617B3500CF6052 /* ProfileHeadrView.swift in Sources */,
				6034F9872A61D74D00CF6052 /* UsersService.swift in Sources */,
				60DEF19A2A5DA7E200687D7C /* User.swift in Sources */,
				60DEF1842A5C219A00687D7C /* FeedView.swift in Sources */,
				60DEF18C2A5C5B0500687D7C /* AddEmailView.swift in Sources */,
				60DEF1882A5C2D6700687D7C /* SearchView.swift in Sources */,
				60DEF1962A5D94C200687D7C /* CreateUserField.swift in Sources */,
				6034F9892A61D84800CF6052 /* SearchViewModel.swift in Sources */,
				60DEF1642A5C105000687D7C /* ContentView.swift in Sources */,
				6034F97E2A61969200CF6052 /* AuthService.swift in Sources */,
				60DEF18E2A5D922C00687D7C /* TextFieldModifier.swift in Sources */,
				60DEF1982A5DA61100687D7C /* CompleteSignUpView.swift in Sources */,
				6034F96F2A61800A00CF6052 /* UploadPostViewModal.swift in Sources */,
				60DEF1622A5C105000687D7C /* InstagramCloneApp.swift in Sources */,
				6034F9692A61772900CF6052 /* PostsGridView.swift in Sources */,
				6034F9672A61701100CF6052 /* Post.swift in Sources */,
				60DEF17D2A5C122200687D7C /* MainTabView.swift in Sources */,
				60D2DFE32A616BFB00F639FC /* CurrentUserProfileView.swift in Sources */,
			);
			runOnlyForDeploymentPostprocessing = 0;
		};
/* End PBXSourcesBuildPhase section */

/* Begin XCBuildConfiguration section */
		60DEF16A2A5C105100687D7C /* Debug */ = {
			isa = XCBuildConfiguration;
			buildSettings = {
				ALWAYS_SEARCH_USER_PATHS = NO;
				CLANG_ANALYZER_NONNULL = YES;
				CLANG_ANALYZER_NUMBER_OBJECT_CONVERSION = YES_AGGRESSIVE;
				CLANG_CXX_LANGUAGE_STANDARD = "gnu++20";
				CLANG_ENABLE_MODULES = YES;
				CLANG_ENABLE_OBJC_ARC = YES;
				CLANG_ENABLE_OBJC_WEAK = YES;
				CLANG_WARN_BLOCK_CAPTURE_AUTORELEASING = YES;
				CLANG_WARN_BOOL_CONVERSION = YES;
				CLANG_WARN_COMMA = YES;
				CLANG_WARN_CONSTANT_CONVERSION = YES;
				CLANG_WARN_DEPRECATED_OBJC_IMPLEMENTATIONS = YES;
				CLANG_WARN_DIRECT_OBJC_ISA_USAGE = YES_ERROR;
				CLANG_WARN_DOCUMENTATION_COMMENTS = YES;
				CLANG_WARN_EMPTY_BODY = YES;
				CLANG_WARN_ENUM_CONVERSION = YES;
				CLANG_WARN_INFINITE_RECURSION = YES;
				CLANG_WARN_INT_CONVERSION = YES;
				CLANG_WARN_NON_LITERAL_NULL_CONVERSION = YES;
				CLANG_WARN_OBJC_IMPLICIT_RETAIN_SELF = YES;
				CLANG_WARN_OBJC_LITERAL_CONVERSION = YES;
				CLANG_WARN_OBJC_ROOT_CLASS = YES_ERROR;
				CLANG_WARN_QUOTED_INCLUDE_IN_FRAMEWORK_HEADER = YES;
				CLANG_WARN_RANGE_LOOP_ANALYSIS = YES;
				CLANG_WARN_STRICT_PROTOTYPES = YES;
				CLANG_WARN_SUSPICIOUS_MOVE = YES;
				CLANG_WARN_UNGUARDED_AVAILABILITY = YES_AGGRESSIVE;
				CLANG_WARN_UNREACHABLE_CODE = YES;
				CLANG_WARN__DUPLICATE_METHOD_MATCH = YES;
				COPY_PHASE_STRIP = NO;
				DEBUG_INFORMATION_FORMAT = dwarf;
				ENABLE_STRICT_OBJC_MSGSEND = YES;
				ENABLE_TESTABILITY = YES;
				GCC_C_LANGUAGE_STANDARD = gnu11;
				GCC_DYNAMIC_NO_PIC = NO;
				GCC_NO_COMMON_BLOCKS = YES;
				GCC_OPTIMIZATION_LEVEL = 0;
				GCC_PREPROCESSOR_DEFINITIONS = (
					"DEBUG=1",
					"$(inherited)",
				);
				GCC_WARN_64_TO_32_BIT_CONVERSION = YES;
				GCC_WARN_ABOUT_RETURN_TYPE = YES_ERROR;
				GCC_WARN_UNDECLARED_SELECTOR = YES;
				GCC_WARN_UNINITIALIZED_AUTOS = YES_AGGRESSIVE;
				GCC_WARN_UNUSED_FUNCTION = YES;
				GCC_WARN_UNUSED_VARIABLE = YES;
				IPHONEOS_DEPLOYMENT_TARGET = 16.4;
				MTL_ENABLE_DEBUG_INFO = INCLUDE_SOURCE;
				MTL_FAST_MATH = YES;
				ONLY_ACTIVE_ARCH = YES;
				SDKROOT = iphoneos;
				SWIFT_ACTIVE_COMPILATION_CONDITIONS = DEBUG;
				SWIFT_OPTIMIZATION_LEVEL = "-Onone";
			};
			name = Debug;
		};
		60DEF16B2A5C105100687D7C /* Release */ = {
			isa = XCBuildConfiguration;
			buildSettings = {
				ALWAYS_SEARCH_USER_PATHS = NO;
				CLANG_ANALYZER_NONNULL = YES;
				CLANG_ANALYZER_NUMBER_OBJECT_CONVERSION = YES_AGGRESSIVE;
				CLANG_CXX_LANGUAGE_STANDARD = "gnu++20";
				CLANG_ENABLE_MODULES = YES;
				CLANG_ENABLE_OBJC_ARC = YES;
				CLANG_ENABLE_OBJC_WEAK = YES;
				CLANG_WARN_BLOCK_CAPTURE_AUTORELEASING = YES;
				CLANG_WARN_BOOL_CONVERSION = YES;
				CLANG_WARN_COMMA = YES;
				CLANG_WARN_CONSTANT_CONVERSION = YES;
				CLANG_WARN_DEPRECATED_OBJC_IMPLEMENTATIONS = YES;
				CLANG_WARN_DIRECT_OBJC_ISA_USAGE = YES_ERROR;
				CLANG_WARN_DOCUMENTATION_COMMENTS = YES;
				CLANG_WARN_EMPTY_BODY = YES;
				CLANG_WARN_ENUM_CONVERSION = YES;
				CLANG_WARN_INFINITE_RECURSION = YES;
				CLANG_WARN_INT_CONVERSION = YES;
				CLANG_WARN_NON_LITERAL_NULL_CONVERSION = YES;
				CLANG_WARN_OBJC_IMPLICIT_RETAIN_SELF = YES;
				CLANG_WARN_OBJC_LITERAL_CONVERSION = YES;
				CLANG_WARN_OBJC_ROOT_CLASS = YES_ERROR;
				CLANG_WARN_QUOTED_INCLUDE_IN_FRAMEWORK_HEADER = YES;
				CLANG_WARN_RANGE_LOOP_ANALYSIS = YES;
				CLANG_WARN_STRICT_PROTOTYPES = YES;
				CLANG_WARN_SUSPICIOUS_MOVE = YES;
				CLANG_WARN_UNGUARDED_AVAILABILITY = YES_AGGRESSIVE;
				CLANG_WARN_UNREACHABLE_CODE = YES;
				CLANG_WARN__DUPLICATE_METHOD_MATCH = YES;
				COPY_PHASE_STRIP = NO;
				DEBUG_INFORMATION_FORMAT = "dwarf-with-dsym";
				ENABLE_NS_ASSERTIONS = NO;
				ENABLE_STRICT_OBJC_MSGSEND = YES;
				GCC_C_LANGUAGE_STANDARD = gnu11;
				GCC_NO_COMMON_BLOCKS = YES;
				GCC_WARN_64_TO_32_BIT_CONVERSION = YES;
				GCC_WARN_ABOUT_RETURN_TYPE = YES_ERROR;
				GCC_WARN_UNDECLARED_SELECTOR = YES;
				GCC_WARN_UNINITIALIZED_AUTOS = YES_AGGRESSIVE;
				GCC_WARN_UNUSED_FUNCTION = YES;
				GCC_WARN_UNUSED_VARIABLE = YES;
				IPHONEOS_DEPLOYMENT_TARGET = 16.4;
				MTL_ENABLE_DEBUG_INFO = NO;
				MTL_FAST_MATH = YES;
				SDKROOT = iphoneos;
				SWIFT_COMPILATION_MODE = wholemodule;
				SWIFT_OPTIMIZATION_LEVEL = "-O";
				VALIDATE_PRODUCT = YES;
			};
			name = Release;
		};
		60DEF16D2A5C105100687D7C /* Debug */ = {
			isa = XCBuildConfiguration;
			buildSettings = {
				ASSETCATALOG_COMPILER_APPICON_NAME = AppIcon;
				ASSETCATALOG_COMPILER_GLOBAL_ACCENT_COLOR_NAME = AccentColor;
				CODE_SIGN_STYLE = Automatic;
				CURRENT_PROJECT_VERSION = 1;
				DEVELOPMENT_ASSET_PATHS = "\"InstagramClone/Preview Content\"";
				DEVELOPMENT_TEAM = A2UPP8QZG7;
				ENABLE_PREVIEWS = YES;
				GENERATE_INFOPLIST_FILE = YES;
				INFOPLIST_KEY_UIApplicationSceneManifest_Generation = YES;
				INFOPLIST_KEY_UIApplicationSupportsIndirectInputEvents = YES;
				INFOPLIST_KEY_UILaunchScreen_Generation = YES;
				INFOPLIST_KEY_UISupportedInterfaceOrientations_iPad = "UIInterfaceOrientationPortrait UIInterfaceOrientationPortraitUpsideDown UIInterfaceOrientationLandscapeLeft UIInterfaceOrientationLandscapeRight";
				INFOPLIST_KEY_UISupportedInterfaceOrientations_iPhone = "UIInterfaceOrientationPortrait UIInterfaceOrientationLandscapeLeft UIInterfaceOrientationLandscapeRight";
				LD_RUNPATH_SEARCH_PATHS = (
					"$(inherited)",
					"@executable_path/Frameworks",
				);
				MARKETING_VERSION = 1.0;
				PRODUCT_BUNDLE_IDENTIFIER = com.bilal.InstagramClone;
				PRODUCT_NAME = "$(TARGET_NAME)";
				SWIFT_EMIT_LOC_STRINGS = YES;
				SWIFT_VERSION = 5.0;
				TARGETED_DEVICE_FAMILY = "1,2";
			};
			name = Debug;
		};
		60DEF16E2A5C105100687D7C /* Release */ = {
			isa = XCBuildConfiguration;
			buildSettings = {
				ASSETCATALOG_COMPILER_APPICON_NAME = AppIcon;
				ASSETCATALOG_COMPILER_GLOBAL_ACCENT_COLOR_NAME = AccentColor;
				CODE_SIGN_STYLE = Automatic;
				CURRENT_PROJECT_VERSION = 1;
				DEVELOPMENT_ASSET_PATHS = "\"InstagramClone/Preview Content\"";
				DEVELOPMENT_TEAM = A2UPP8QZG7;
				ENABLE_PREVIEWS = YES;
				GENERATE_INFOPLIST_FILE = YES;
				INFOPLIST_KEY_UIApplicationSceneManifest_Generation = YES;
				INFOPLIST_KEY_UIApplicationSupportsIndirectInputEvents = YES;
				INFOPLIST_KEY_UILaunchScreen_Generation = YES;
				INFOPLIST_KEY_UISupportedInterfaceOrientations_iPad = "UIInterfaceOrientationPortrait UIInterfaceOrientationPortraitUpsideDown UIInterfaceOrientationLandscapeLeft UIInterfaceOrientationLandscapeRight";
				INFOPLIST_KEY_UISupportedInterfaceOrientations_iPhone = "UIInterfaceOrientationPortrait UIInterfaceOrientationLandscapeLeft UIInterfaceOrientationLandscapeRight";
				LD_RUNPATH_SEARCH_PATHS = (
					"$(inherited)",
					"@executable_path/Frameworks",
				);
				MARKETING_VERSION = 1.0;
				PRODUCT_BUNDLE_IDENTIFIER = com.bilal.InstagramClone;
				PRODUCT_NAME = "$(TARGET_NAME)";
				SWIFT_EMIT_LOC_STRINGS = YES;
				SWIFT_VERSION = 5.0;
				TARGETED_DEVICE_FAMILY = "1,2";
			};
			name = Release;
		};
/* End XCBuildConfiguration section */

/* Begin XCConfigurationList section */
		60DEF1592A5C105000687D7C /* Build configuration list for PBXProject "InstagramClone" */ = {
			isa = XCConfigurationList;
			buildConfigurations = (
				60DEF16A2A5C105100687D7C /* Debug */,
				60DEF16B2A5C105100687D7C /* Release */,
			);
			defaultConfigurationIsVisible = 0;
			defaultConfigurationName = Release;
		};
		60DEF16C2A5C105100687D7C /* Build configuration list for PBXNativeTarget "InstagramClone" */ = {
			isa = XCConfigurationList;
			buildConfigurations = (
				60DEF16D2A5C105100687D7C /* Debug */,
				60DEF16E2A5C105100687D7C /* Release */,
			);
			defaultConfigurationIsVisible = 0;
			defaultConfigurationName = Release;
		};
/* End XCConfigurationList section */

/* Begin XCRemoteSwiftPackageReference section */
		6034F9722A6194A100CF6052 /* XCRemoteSwiftPackageReference "firebase-ios-sdk" */ = {
			isa = XCRemoteSwiftPackageReference;
			repositoryURL = "https://github.com/firebase/firebase-ios-sdk";
			requirement = {
				kind = upToNextMajorVersion;
				minimumVersion = 10.0.0;
			};
		};
/* End XCRemoteSwiftPackageReference section */

/* Begin XCSwiftPackageProductDependency section */
		6034F9732A6194A100CF6052 /* FirebaseAuth */ = {
			isa = XCSwiftPackageProductDependency;
			package = 6034F9722A6194A100CF6052 /* XCRemoteSwiftPackageReference "firebase-ios-sdk" */;
			productName = FirebaseAuth;
		};
		6034F9752A6194A100CF6052 /* FirebaseFirestore */ = {
			isa = XCSwiftPackageProductDependency;
			package = 6034F9722A6194A100CF6052 /* XCRemoteSwiftPackageReference "firebase-ios-sdk" */;
			productName = FirebaseFirestore;
		};
		6034F9772A6194A100CF6052 /* FirebaseFirestoreSwift */ = {
			isa = XCSwiftPackageProductDependency;
			package = 6034F9722A6194A100CF6052 /* XCRemoteSwiftPackageReference "firebase-ios-sdk" */;
			productName = FirebaseFirestoreSwift;
		};
		6034F9792A6194A100CF6052 /* FirebaseStorage */ = {
			isa = XCSwiftPackageProductDependency;
			package = 6034F9722A6194A100CF6052 /* XCRemoteSwiftPackageReference "firebase-ios-sdk" */;
			productName = FirebaseStorage;
		};
/* End XCSwiftPackageProductDependency section */
	};
	rootObject = 60DEF1562A5C105000687D7C /* Project object */;
}
